
Microsoft Visual Studio Solution File, Format Version 12.00
# Visual Studio Version 16
VisualStudioVersion = 16.0.31424.327
MinimumVisualStudioVersion = 10.0.40219.1
Project("{9A19103F-16F7-4668-BE54-9A1E7A4F7556}") = "DesignPatternProject", "DesignPatternProject.csproj", "{8EABE728-5803-4D3F-B560-0ACB21C7D16E}"
EndProject
Global
	GlobalSection(SolutionConfigurationPlatforms) = preSolution
		Debug|Any CPU = Debug|Any CPU
		Release|Any CPU = Release|Any CPU
	EndGlobalSection
	GlobalSection(ProjectConfigurationPlatforms) = postSolution
		{8EABE728-5803-4D3F-B560-0ACB21C7D16E}.Debug|Any CPU.ActiveCfg = Debug|Any CPU
		{8EABE728-5803-4D3F-B560-0ACB21C7D16E}.Debug|Any CPU.Build.0 = Debug|Any CPU
		{8EABE728-5803-4D3F-B560-0ACB21C7D16E}.Release|Any CPU.ActiveCfg = Release|Any CPU
		{8EABE728-5803-4D3F-B560-0ACB21C7D16E}.Release|Any CPU.Build.0 = Release|Any CPU
	EndGlobalSection
	GlobalSection(SolutionProperties) = preSolution
		HideSolutionNode = FALSE
	EndGlobalSection
	GlobalSection(ExtensibilityGlobals) = postSolution
		SolutionGuid = {955CC705-7004-4B46-A566-E9718C97CA5B}
	EndGlobalSection
EndGlobal
